
Microsoft Visual Studio Solution File, Format Version 12.00
# Visual Studio Version 17
VisualStudioVersion = 17.4.33122.133
MinimumVisualStudioVersion = 10.0.40219.1
Project("{FAE04EC0-301F-11D3-BF4B-00C04F79EFBC}") = "Hospital", "Hospital.csproj", "{1D93FFC1-38F6-4A8F-BE88-FFD61B2AC3CC}"
EndProject
Global
	GlobalSection(SolutionConfigurationPlatforms) = preSolution
		Debug|Any CPU = Debug|Any CPU
		Release|Any CPU = Release|Any CPU
	EndGlobalSection
	GlobalSection(ProjectConfigurationPlatforms) = postSolution
		{1D93FFC1-38F6-4A8F-BE88-FFD61B2AC3CC}.Debug|Any CPU.ActiveCfg = Debug|Any CPU
		{1D93FFC1-38F6-4A8F-BE88-FFD61B2AC3CC}.Debug|Any CPU.Build.0 = Debug|Any CPU
		{1D93FFC1-38F6-4A8F-BE88-FFD61B2AC3CC}.Release|Any CPU.ActiveCfg = Release|Any CPU
		{1D93FFC1-38F6-4A8F-BE88-FFD61B2AC3CC}.Release|Any CPU.Build.0 = Release|Any CPU
	EndGlobalSection
	GlobalSection(SolutionProperties) = preSolution
		HideSolutionNode = FALSE
	EndGlobalSection
	GlobalSection(ExtensibilityGlobals) = postSolution
		SolutionGuid = {7B75C561-CB24-4C57-9240-8B16250034FA}
	EndGlobalSection
EndGlobal
